
Microsoft Visual Studio Solution File, Format Version 12.00
# Visual Studio Version 17
VisualStudioVersion = 17.0.31903.59
MinimumVisualStudioVersion = 10.0.40219.1
Project("{2150E333-8FDC-42A3-9474-1A3956D46DE8}") = "src", "src", "{19322E0B-0E25-4D9D-8D26-F2DE2935928F}"
EndProject
Project("{FAE04EC0-301F-11D3-BF4B-00C04F79EFBC}") = "MessageMediator.Bot", "src\Bot\MessageMediator.Bot.csproj", "{26243D25-352D-4CA5-9B48-9A631E4FEDB0}"
EndProject
Project("{2150E333-8FDC-42A3-9474-1A3956D46DE8}") = "test", "test", "{8E91037B-D4EF-4E47-B7AB-7F10DCAF32C7}"
EndProject
Project("{FAE04EC0-301F-11D3-BF4B-00C04F79EFBC}") = "MessageMediator.Bot.Tests", "test\Bot.Tests\MessageMediator.Bot.Tests.csproj", "{ED66A1D1-7E98-467B-A539-8EC3BC2EDE64}"
EndProject
Global
	GlobalSection(SolutionConfigurationPlatforms) = preSolution
		Debug|Any CPU = Debug|Any CPU
		Release|Any CPU = Release|Any CPU
	EndGlobalSection
	GlobalSection(SolutionProperties) = preSolution
		HideSolutionNode = FALSE
	EndGlobalSection
	GlobalSection(ProjectConfigurationPlatforms) = postSolution
		{26243D25-352D-4CA5-9B48-9A631E4FEDB0}.Debug|Any CPU.ActiveCfg = Debug|Any CPU
		{26243D25-352D-4CA5-9B48-9A631E4FEDB0}.Debug|Any CPU.Build.0 = Debug|Any CPU
		{26243D25-352D-4CA5-9B48-9A631E4FEDB0}.Release|Any CPU.ActiveCfg = Release|Any CPU
		{26243D25-352D-4CA5-9B48-9A631E4FEDB0}.Release|Any CPU.Build.0 = Release|Any CPU
		{ED66A1D1-7E98-467B-A539-8EC3BC2EDE64}.Debug|Any CPU.ActiveCfg = Debug|Any CPU
		{ED66A1D1-7E98-467B-A539-8EC3BC2EDE64}.Debug|Any CPU.Build.0 = Debug|Any CPU
		{ED66A1D1-7E98-467B-A539-8EC3BC2EDE64}.Release|Any CPU.ActiveCfg = Release|Any CPU
		{ED66A1D1-7E98-467B-A539-8EC3BC2EDE64}.Release|Any CPU.Build.0 = Release|Any CPU
	EndGlobalSection
	GlobalSection(NestedProjects) = preSolution
		{26243D25-352D-4CA5-9B48-9A631E4FEDB0} = {19322E0B-0E25-4D9D-8D26-F2DE2935928F}
		{ED66A1D1-7E98-467B-A539-8EC3BC2EDE64} = {8E91037B-D4EF-4E47-B7AB-7F10DCAF32C7}
	EndGlobalSection
EndGlobal
